
Microsoft Visual Studio Solution File, Format Version 12.00
# Visual Studio Version 17
VisualStudioVersion = 17.4.33110.190
MinimumVisualStudioVersion = 10.0.40219.1
Project("{FAE04EC0-301F-11D3-BF4B-00C04F79EFBC}") = "ConsoleAppClase1y2", "ConsoleAppClase1y2\ConsoleAppClase1y2.csproj", "{BD9C1DFC-3386-4176-B479-550A99C0066E}"
EndProject
Global
	GlobalSection(SolutionConfigurationPlatforms) = preSolution
		Debug|Any CPU = Debug|Any CPU
		Release|Any CPU = Release|Any CPU
	EndGlobalSection
	GlobalSection(ProjectConfigurationPlatforms) = postSolution
		{BD9C1DFC-3386-4176-B479-550A99C0066E}.Debug|Any CPU.ActiveCfg = Debug|Any CPU
		{BD9C1DFC-3386-4176-B479-550A99C0066E}.Debug|Any CPU.Build.0 = Debug|Any CPU
		{BD9C1DFC-3386-4176-B479-550A99C0066E}.Release|Any CPU.ActiveCfg = Release|Any CPU
		{BD9C1DFC-3386-4176-B479-550A99C0066E}.Release|Any CPU.Build.0 = Release|Any CPU
	EndGlobalSection
	GlobalSection(SolutionProperties) = preSolution
		HideSolutionNode = FALSE
	EndGlobalSection
	GlobalSection(ExtensibilityGlobals) = postSolution
		SolutionGuid = {4F07C2D9-3851-4436-B7E6-B7951B393B40}
	EndGlobalSection
EndGlobal
